golang.org/x/text v0.7.0 h1:4BRB4x83lYWy72KwLD/qYDuTu7q9PjSagHvijDw7cLo=
golang.org/x/text v0.7.0/go.mod h1:mrYo+phRRbMaCq/xk9113O4dZlRixOauAjOtrjsXDZ8=
gopkg.in/Regis24GmbH/go-diacritics.v2 v2.0.3 h1:rz88vn1OH2B9kKorR+QCrcuw6WbizVwahU2Y9Q09xqU=
gopkg.in/Regis24GmbH/go-diacritics.v2 v2.0.3/go.mod h1:vJmfdx2L0+30M90zUd0GCjLV14Ip3ZgWR5+MV1qljOo=
